
Microsoft Visual Studio Solution File, Format Version 12.00
# Visual Studio Version 17
VisualStudioVersion = 17.12.35707.178 d17.12
MinimumVisualStudioVersion = 10.0.40219.1
Project("{2150E333-8FDC-42A3-9474-1A3956D46DE8}") = "TASK_01-03_03", "TASK_01-03_03", "{5D185444-1AF3-4938-A5F0-41FD0AFA6C0A}"
EndProject
Project("{FAE04EC0-301F-11D3-BF4B-00C04F79EFBC}") = "PRACTICA", "PRACTICA\PRACTICA.csproj", "{0CCD655E-68B1-4075-B2C9-EF2F2E707D11}"
EndProject
Global
	GlobalSection(SolutionConfigurationPlatforms) = preSolution
		Debug|Any CPU = Debug|Any CPU
		Release|Any CPU = Release|Any CPU
	EndGlobalSection
	GlobalSection(ProjectConfigurationPlatforms) = postSolution
		{0CCD655E-68B1-4075-B2C9-EF2F2E707D11}.Debug|Any CPU.ActiveCfg = Debug|Any CPU
		{0CCD655E-68B1-4075-B2C9-EF2F2E707D11}.Debug|Any CPU.Build.0 = Debug|Any CPU
		{0CCD655E-68B1-4075-B2C9-EF2F2E707D11}.Release|Any CPU.ActiveCfg = Release|Any CPU
		{0CCD655E-68B1-4075-B2C9-EF2F2E707D11}.Release|Any CPU.Build.0 = Release|Any CPU
	EndGlobalSection
	GlobalSection(SolutionProperties) = preSolution
		HideSolutionNode = FALSE
	EndGlobalSection
	GlobalSection(NestedProjects) = preSolution
		{0CCD655E-68B1-4075-B2C9-EF2F2E707D11} = {5D185444-1AF3-4938-A5F0-41FD0AFA6C0A}
	EndGlobalSection
EndGlobal
